
Microsoft Visual Studio Solution File, Format Version 12.00
# Visual Studio Version 17
VisualStudioVersion = 17.1.32407.343
MinimumVisualStudioVersion = 10.0.40219.1
Project("{9A19103F-16F7-4668-BE54-9A1E7A4F7556}") = "Course", "Course\Course.csproj", "{1085BBE1-DBCC-4373-891F-44A297DAA044}"
EndProject
Project("{FAE04EC0-301F-11D3-BF4B-00C04F79EFBC}") = "LinqLambda", "LinqLambda\LinqLambda.csproj", "{09AFB76E-F677-408E-A0A9-F1D547E2FD69}"
EndProject
Global
	GlobalSection(SolutionConfigurationPlatforms) = preSolution
		Debug|Any CPU = Debug|Any CPU
		Release|Any CPU = Release|Any CPU
	EndGlobalSection
	GlobalSection(ProjectConfigurationPlatforms) = postSolution
		{1085BBE1-DBCC-4373-891F-44A297DAA044}.Debug|Any CPU.ActiveCfg = Debug|Any CPU
		{1085BBE1-DBCC-4373-891F-44A297DAA044}.Debug|Any CPU.Build.0 = Debug|Any CPU
		{1085BBE1-DBCC-4373-891F-44A297DAA044}.Release|Any CPU.ActiveCfg = Release|Any CPU
		{1085BBE1-DBCC-4373-891F-44A297DAA044}.Release|Any CPU.Build.0 = Release|Any CPU
		{09AFB76E-F677-408E-A0A9-F1D547E2FD69}.Debug|Any CPU.ActiveCfg = Debug|Any CPU
		{09AFB76E-F677-408E-A0A9-F1D547E2FD69}.Debug|Any CPU.Build.0 = Debug|Any CPU
		{09AFB76E-F677-408E-A0A9-F1D547E2FD69}.Release|Any CPU.ActiveCfg = Release|Any CPU
		{09AFB76E-F677-408E-A0A9-F1D547E2FD69}.Release|Any CPU.Build.0 = Release|Any CPU
	EndGlobalSection
	GlobalSection(SolutionProperties) = preSolution
		HideSolutionNode = FALSE
	EndGlobalSection
	GlobalSection(ExtensibilityGlobals) = postSolution
		SolutionGuid = {99E52DC0-FFB4-41BE-9289-BC6CA38AA7B2}
	EndGlobalSection
EndGlobal
